// !$*UTF8*$!
{
	archiveVersion = 1;
	classes = {
	};
	objectVersion = 60;
	objects = {

/* Begin PBXBuildFile section */
		F620B3622C615B4900775474 /* AppDelegate.swift in Sources */ = {isa = PBXBuildFile; fileRef = F620B3612C615B4900775474 /* AppDelegate.swift */; };
		F620B3642C615B4900775474 /* SceneDelegate.swift in Sources */ = {isa = PBXBuildFile; fileRef = F620B3632C615B4900775474 /* SceneDelegate.swift */; };
		F620B3662C615B4900775474 /* ViewController.swift in Sources */ = {isa = PBXBuildFile; fileRef = F620B3652C615B4900775474 /* ViewController.swift */; };
		F620B3692C615B4900775474 /* Base in Resources */ = {isa = PBXBuildFile; fileRef = F620B3682C615B4900775474 /* Base */; };
		F620B36B2C615B4B00775474 /* Assets.xcassets in Resources */ = {isa = PBXBuildFile; fileRef = F620B36A2C615B4B00775474 /* Assets.xcassets */; };
		F620B36E2C615B4B00775474 /* Base in Resources */ = {isa = PBXBuildFile; fileRef = F620B36D2C615B4B00775474 /* Base */; };
		F620B3792C615B4B00775474 /* CachThePeterGameTests.swift in Sources */ = {isa = PBXBuildFile; fileRef = F620B3782C615B4B00775474 /* CachThePeterGameTests.swift */; };
		F620B3832C615B4B00775474 /* CachThePeterGameUITests.swift in Sources */ = {isa = PBXBuildFile; fileRef = F620B3822C615B4B00775474 /* CachThePeterGameUITests.swift */; };
		F620B3852C615B4B00775474 /* CachThePeterGameUITestsLaunchTests.swift in Sources */ = {isa = PBXBuildFile; fileRef = F620B3842C615B4B00775474 /* CachThePeterGameUITestsLaunchTests.swift */; };
/* End PBXBuildFile section */

/* Begin PBXContainerItemProxy section */
		F620B3752C615B4B00775474 /* PBXContainerItemProxy */ = {
			isa = PBXContainerItemProxy;
			containerPortal = F620B3562C615B4900775474 /* Project object */;
			proxyType = 1;
			remoteGlobalIDString = F620B35D2C615B4900775474;
			remoteInfo = CachThePeterGame;
		};
		F620B37F2C615B4B00775474 /* PBXContainerItemProxy */ = {
			isa = PBXContainerItemProxy;
			containerPortal = F620B3562C615B4900775474 /* Project object */;
			proxyType = 1;
			remoteGlobalIDString = F620B35D2C615B4900775474;
			remoteInfo = CachThePeterGame;
		};
/* End PBXContainerItemProxy section */

/* Begin PBXFileReference section */
		F620B35E2C615B4900775474 /* CachThePeterGame.app */ = {isa = PBXFileReference; explicitFileType = wrapper.application; includeInIndex = 0; path = CachThePeterGame.app; sourceTree = BUILT_PRODUCTS_DIR; };
		F620B3612C615B4900775474 /* AppDelegate.swift */ = {isa = PBXFileReference; lastKnownFileType = sourcecode.swift; path = AppDelegate.swift; sourceTree = "<group>"; };
		F620B3632C615B4900775474 /* SceneDelegate.swift */ = {isa = PBXFileReference; lastKnownFileType = sourcecode.swift; path = SceneDelegate.swift; sourceTree = "<group>"; };
		F620B3652C615B4900775474 /* ViewController.swift */ = {isa = PBXFileReference; lastKnownFileType = sourcecode.swift; path = ViewController.swift; sourceTree = "<group>"; };
		F620B3682C615B4900775474 /* Base */ = {isa = PBXFileReference; lastKnownFileType = file.storyboard; name = Base; path = Base.lproj/Main.storyboard; sourceTree = "<group>"; };
		F620B36A2C615B4B00775474 /* Assets.xcassets */ = {isa = PBXFileReference; lastKnownFileType = folder.assetcatalog; path = Assets.xcassets; sourceTree = "<group>"; };
		F620B36D2C615B4B00775474 /* Base */ = {isa = PBXFileReference; lastKnownFileType = file.storyboard; name = Base; path = Base.lproj/LaunchScreen.storyboard; sourceTree = "<group>"; };
		F620B36F2C615B4B00775474 /* Info.plist */ = {isa = PBXFileReference; lastKnownFileType = text.plist.xml; path = Info.plist; sourceTree = "<group>"; };
		F620B3742C615B4B00775474 /* CachThePeterGameTests.xctest */ = {isa = PBXFileReference; explicitFileType = wrapper.cfbundle; includeInIndex = 0; path = CachThePeterGameTests.xctest; sourceTree = BUILT_PRODUCTS_DIR; };
		F620B3782C615B4B00775474 /* CachThePeterGameTests.swift */ = {isa = PBXFileReference; lastKnownFileType = sourcecode.swift; path = CachThePeterGameTests.swift; sourceTree = "<group>"; };
		F620B37E2C615B4B00775474 /* CachThePeterGameUITests.xctest */ = {isa = PBXFileReference; explicitFileType = wrapper.cfbundle; includeInIndex = 0; path = CachThePeterGameUITests.xctest; sourceTree = BUILT_PRODUCTS_DIR; };
		F620B3822C615B4B00775474 /* CachThePeterGameUITests.swift */ = {isa = PBXFileReference; lastKnownFileType = sourcecode.swift; path = CachThePeterGameUITests.swift; sourceTree = "<group>"; };
		F620B3842C615B4B00775474 /* CachThePeterGameUITestsLaunchTests.swift */ = {isa = PBXFileReference; lastKnownFileType = sourcecode.swift; path = CachThePeterGameUITestsLaunchTests.swift; sourceTree = "<group>"; };
/* End PBXFileReference section */

/* Begin PBXFrameworksBuildPhase section */
		F620B35B2C615B4900775474 /* Frameworks */ = {
			isa = PBXFrameworksBuildPhase;
			buildActionMask = 2147483647;
			files = (
			);
			runOnlyForDeploymentPostprocessing = 0;
		};
		F620B3712C615B4B00775474 /* Frameworks */ = {
			isa = PBXFrameworksBuildPhase;
			buildActionMask = 2147483647;
			files = (
			);
			runOnlyForDeploymentPostprocessing = 0;
		};
		F620B37B2C615B4B00775474 /* Frameworks */ = {
			isa = PBXFrameworksBuildPhase;
			buildActionMask = 2147483647;
			files = (
			);
			runOnlyForDeploymentPostprocessing = 0;
		};
/* End PBXFrameworksBuildPhase section */

/* Begin PBXGroup section */
		F620B3552C615B4900775474 = {
			isa = PBXGroup;
			children = (
				F620B3602C615B4900775474 /* CachThePeterGame */,
				F620B3772C615B4B00775474 /* CachThePeterGameTests */,
				F620B3812C615B4B00775474 /* CachThePeterGameUITests */,
				F620B35F2C615B4900775474 /* Products */,
			);
			sourceTree = "<group>";
		};
		F620B35F2C615B4900775474 /* Products */ = {
			isa = PBXGroup;
			children = (
				F620B35E2C615B4900775474 /* CachThePeterGame.app */,
				F620B3742C615B4B00775474 /* CachThePeterGameTests.xctest */,
				F620B37E2C615B4B00775474 /* CachThePeterGameUITests.xctest */,
			);
			name = Products;
			sourceTree = "<group>";
		};
		F620B3602C615B4900775474 /* CachThePeterGame */ = {
			isa = PBXGroup;
			children = (
				F620B3612C615B4900775474 /* AppDelegate.swift */,
				F620B3632C615B4900775474 /* SceneDelegate.swift */,
				F620B3652C615B4900775474 /* ViewController.swift */,
				F620B3672C615B4900775474 /* Main.storyboard */,
				F620B36A2C615B4B00775474 /* Assets.xcassets */,
				F620B36C2C615B4B00775474 /* LaunchScreen.storyboard */,
				F620B36F2C615B4B00775474 /* Info.plist */,
			);
			path = CachThePeterGame;
			sourceTree = "<group>";
		};
		F620B3772C615B4B00775474 /* CachThePeterGameTests */ = {
			isa = PBXGroup;
			children = (
				F620B3782C615B4B00775474 /* CachThePeterGameTests.swift */,
			);
			path = CachThePeterGameTests;
			sourceTree = "<group>";
		};
		F620B3812C615B4B00775474 /* CachThePeterGameUITests */ = {
			isa = PBXGroup;
			children = (
				F620B3822C615B4B00775474 /* CachThePeterGameUITests.swift */,
				F620B3842C615B4B00775474 /* CachThePeterGameUITestsLaunchTests.swift */,
			);
			path = CachThePeterGameUITests;
			sourceTree = "<group>";
		};
/* End PBXGroup section */

/* Begin PBXNativeTarget section */
		F620B35D2C615B4900775474 /* CachThePeterGame */ = {
			isa = PBXNativeTarget;
			buildConfigurationList = F620B3882C615B4B00775474 /* Build configuration list for PBXNativeTarget "CachThePeterGame" */;
			buildPhases = (
				F620B35A2C615B4900775474 /* Sources */,
				F620B35B2C615B4900775474 /* Frameworks */,
				F620B35C2C615B4900775474 /* Resources */,
			);
			buildRules = (
			);
			dependencies = (
			);
			name = CachThePeterGame;
			productName = CachThePeterGame;
			productReference = F620B35E2C615B4900775474 /* CachThePeterGame.app */;
			productType = "com.apple.product-type.application";
		};
		F620B3732C615B4B00775474 /* CachThePeterGameTests */ = {
			isa = PBXNativeTarget;
			buildConfigurationList = F620B38B2C615B4B00775474 /* Build configuration list for PBXNativeTarget "CachThePeterGameTests" */;
			buildPhases = (
				F620B3702C615B4B00775474 /* Sources */,
				F620B3712C615B4B00775474 /* Frameworks */,
				F620B3722C615B4B00775474 /* Resources */,
			);
			buildRules = (
			);
			dependencies = (
				F620B3762C615B4B00775474 /* PBXTargetDependency */,
			);
			name = CachThePeterGameTests;
			productName = CachThePeterGameTests;
			productReference = F620B3742C615B4B00775474 /* CachThePeterGameTests.xctest */;
			productType = "com.apple.product-type.bundle.unit-test";
		};
		F620B37D2C615B4B00775474 /* CachThePeterGameUITests */ = {
			isa = PBXNativeTarget;
			buildConfigurationList = F620B38E2C615B4B00775474 /* Build configuration list for PBXNativeTarget "CachThePeterGameUITests" */;
			buildPhases = (
				F620B37A2C615B4B00775474 /* Sources */,
				F620B37B2C615B4B00775474 /* Frameworks */,
				F620B37C2C615B4B00775474 /* Resources */,
			);
			buildRules = (
			);
			dependencies = (
				F620B3802C615B4B00775474 /* PBXTargetDependency */,
			);
			name = CachThePeterGameUITests;
			productName = CachThePeterGameUITests;
			productReference = F620B37E2C615B4B00775474 /* CachThePeterGameUITests.xctest */;
			productType = "com.apple.product-type.bundle.ui-testing";
		};
/* End PBXNativeTarget section */

/* Begin PBXProject section */
		F620B3562C615B4900775474 /* Project object */ = {
			isa = PBXProject;
			attributes = {
				BuildIndependentTargetsInParallel = 1;
				LastSwiftUpdateCheck = 1600;
				LastUpgradeCheck = 1600;
				TargetAttributes = {
					F620B35D2C615B4900775474 = {
						CreatedOnToolsVersion = 16.0;
					};
					F620B3732C615B4B00775474 = {
						CreatedOnToolsVersion = 16.0;
						TestTargetID = F620B35D2C615B4900775474;
					};
					F620B37D2C615B4B00775474 = {
						CreatedOnToolsVersion = 16.0;
						TestTargetID = F620B35D2C615B4900775474;
					};
				};
			};
			buildConfigurationList = F620B3592C615B4900775474 /* Build configuration list for PBXProject "CachThePeterGame" */;
			compatibilityVersion = "Xcode 15.0";
			developmentRegion = en;
			hasScannedForEncodings = 0;
			knownRegions = (
				en,
				Base,
			);
			mainGroup = F620B3552C615B4900775474;
			productRefGroup = F620B35F2C615B4900775474 /* Products */;
			projectDirPath = "";
			projectRoot = "";
			targets = (
				F620B35D2C615B4900775474 /* CachThePeterGame */,
				F620B3732C615B4B00775474 /* CachThePeterGameTests */,
				F620B37D2C615B4B00775474 /* CachThePeterGameUITests */,
			);
		};
/* End PBXProject section */

/* Begin PBXResourcesBuildPhase section */
		F620B35C2C615B4900775474 /* Resources */ = {
			isa = PBXResourcesBuildPhase;
			buildActionMask = 2147483647;
			files = (
				F620B36B2C615B4B00775474 /* Assets.xcassets in Resources */,
				F620B36E2C615B4B00775474 /* Base in Resources */,
				F620B3692C615B4900775474 /* Base in Resources */,
			);
			runOnlyForDeploymentPostprocessing = 0;
		};
		F620B3722C615B4B00775474 /* Resources */ = {
			isa = PBXResourcesBuildPhase;
			buildActionMask = 2147483647;
			files = (
			);
			runOnlyForDeploymentPostprocessing = 0;
		};
		F620B37C2C615B4B00775474 /* Resources */ = {
			isa = PBXResourcesBuildPhase;
			buildActionMask = 2147483647;
			files = (
			);
			runOnlyForDeploymentPostprocessing = 0;
		};
/* End PBXResourcesBuildPhase section */

/* Begin PBXSourcesBuildPhase section */
		F620B35A2C615B4900775474 /* Sources */ = {
			isa = PBXSourcesBuildPhase;
			buildActionMask = 2147483647;
			files = (
				F620B3662C615B4900775474 /* ViewController.swift in Sources */,
				F620B3622C615B4900775474 /* AppDelegate.swift in Sources */,
				F620B3642C615B4900775474 /* SceneDelegate.swift in Sources */,
			);
			runOnlyForDeploymentPostprocessing = 0;
		};
		F620B3702C615B4B00775474 /* Sources */ = {
			isa = PBXSourcesBuildPhase;
			buildActionMask = 2147483647;
			files = (
				F620B3792C615B4B00775474 /* CachThePeterGameTests.swift in Sources */,
			);
			runOnlyForDeploymentPostprocessing = 0;
		};
		F620B37A2C615B4B00775474 /* Sources */ = {
			isa = PBXSourcesBuildPhase;
			buildActionMask = 2147483647;
			files = (
				F620B3852C615B4B00775474 /* CachThePeterGameUITestsLaunchTests.swift in Sources */,
				F620B3832C615B4B00775474 /* CachThePeterGameUITests.swift in Sources */,
			);
			runOnlyForDeploymentPostprocessing = 0;
		};
/* End PBXSourcesBuildPhase section */

/* Begin PBXTargetDependency section */
		F620B3762C615B4B00775474 /* PBXTargetDependency */ = {
			isa = PBXTargetDependency;
			target = F620B35D2C615B4900775474 /* CachThePeterGame */;
			targetProxy = F620B3752C615B4B00775474 /* PBXContainerItemProxy */;
		};
		F620B3802C615B4B00775474 /* PBXTargetDependency */ = {
			isa = PBXTargetDependency;
			target = F620B35D2C615B4900775474 /* CachThePeterGame */;
			targetProxy = F620B37F2C615B4B00775474 /* PBXContainerItemProxy */;
		};
/* End PBXTargetDependency section */

/* Begin PBXVariantGroup section */
		F620B3672C615B4900775474 /* Main.storyboard */ = {
			isa = PBXVariantGroup;
			children = (
				F620B3682C615B4900775474 /* Base */,
			);
			name = Main.storyboard;
			sourceTree = "<group>";
		};
		F620B36C2C615B4B00775474 /* LaunchScreen.storyboard */ = {
			isa = PBXVariantGroup;
			children = (
				F620B36D2C615B4B00775474 /* Base */,
			);
			name = LaunchScreen.storyboard;
			sourceTree = "<group>";
		};
/* End PBXVariantGroup section */

/* Begin XCBuildConfiguration section */
		F620B3862C615B4B00775474 /* Debug */ = {
			isa = XCBuildConfiguration;
			buildSettings = {
				ALWAYS_SEARCH_USER_PATHS = NO;
				ASSETCATALOG_COMPILER_GENERATE_SWIFT_ASSET_SYMBOL_EXTENSIONS = YES;
				CLANG_ANALYZER_NONNULL = YES;
				CLANG_ANALYZER_NUMBER_OBJECT_CONVERSION = YES_AGGRESSIVE;
				CLANG_CXX_LANGUAGE_STANDARD = "gnu++20";
				CLANG_ENABLE_MODULES = YES;
				CLANG_ENABLE_OBJC_ARC = YES;
				CLANG_ENABLE_OBJC_WEAK = YES;
				CLANG_WARN_BLOCK_CAPTURE_AUTORELEASING = YES;
				CLANG_WARN_BOOL_CONVERSION = YES;
				CLANG_WARN_COMMA = YES;
				CLANG_WARN_CONSTANT_CONVERSION = YES;
				CLANG_WARN_DEPRECATED_OBJC_IMPLEMENTATIONS = YES;
				CLANG_WARN_DIRECT_OBJC_ISA_USAGE = YES_ERROR;
				CLANG_WARN_DOCUMENTATION_COMMENTS = YES;
				CLANG_WARN_EMPTY_BODY = YES;
				CLANG_WARN_ENUM_CONVERSION = YES;
				CLANG_WARN_INFINITE_RECURSION = YES;
				CLANG_WARN_INT_CONVERSION = YES;
				CLANG_WARN_NON_LITERAL_NULL_CONVERSION = YES;
				CLANG_WARN_OBJC_IMPLICIT_RETAIN_SELF = YES;
				CLANG_WARN_OBJC_LITERAL_CONVERSION = YES;
				CLANG_WARN_OBJC_ROOT_CLASS = YES_ERROR;
				CLANG_WARN_QUOTED_INCLUDE_IN_FRAMEWORK_HEADER = YES;
				CLANG_WARN_RANGE_LOOP_ANALYSIS = YES;
				CLANG_WARN_STRICT_PROTOTYPES = YES;
				CLANG_WARN_SUSPICIOUS_MOVE = YES;
				CLANG_WARN_UNGUARDED_AVAILABILITY = YES_AGGRESSIVE;
				CLANG_WARN_UNREACHABLE_CODE = YES;
				CLANG_WARN__DUPLICATE_METHOD_MATCH = YES;
				COPY_PHASE_STRIP = NO;
				DEBUG_INFORMATION_FORMAT = dwarf;
				ENABLE_STRICT_OBJC_MSGSEND = YES;
				ENABLE_TESTABILITY = YES;
				ENABLE_USER_SCRIPT_SANDBOXING = YES;
				GCC_C_LANGUAGE_STANDARD = gnu17;
				GCC_DYNAMIC_NO_PIC = NO;
				GCC_NO_COMMON_BLOCKS = YES;
				GCC_OPTIMIZATION_LEVEL = 0;
				GCC_PREPROCESSOR_DEFINITIONS = (
					"DEBUG=1",
					"$(inherited)",
				);
				GCC_WARN_64_TO_32_BIT_CONVERSION = YES;
				GCC_WARN_ABOUT_RETURN_TYPE = YES_ERROR;
				GCC_WARN_UNDECLARED_SELECTOR = YES;
				GCC_WARN_UNINITIALIZED_AUTOS = YES_AGGRESSIVE;
				GCC_WARN_UNUSED_FUNCTION = YES;
				GCC_WARN_UNUSED_VARIABLE = YES;
				IPHONEOS_DEPLOYMENT_TARGET = 18.0;
				LOCALIZATION_PREFERS_STRING_CATALOGS = YES;
				MTL_ENABLE_DEBUG_INFO = INCLUDE_SOURCE;
				MTL_FAST_MATH = YES;
				ONLY_ACTIVE_ARCH = YES;
				SDKROOT = iphoneos;
				SWIFT_ACTIVE_COMPILATION_CONDITIONS = "DEBUG $(inherited)";
				SWIFT_OPTIMIZATION_LEVEL = "-Onone";
			};
			name = Debug;
		};
		F620B3872C615B4B00775474 /* Release */ = {
			isa = XCBuildConfiguration;
			buildSettings = {
				ALWAYS_SEARCH_USER_PATHS = NO;
				ASSETCATALOG_COMPILER_GENERATE_SWIFT_ASSET_SYMBOL_EXTENSIONS = YES;
				CLANG_ANALYZER_NONNULL = YES;
				CLANG_ANALYZER_NUMBER_OBJECT_CONVERSION = YES_AGGRESSIVE;
				CLANG_CXX_LANGUAGE_STANDARD = "gnu++20";
				CLANG_ENABLE_MODULES = YES;
				CLANG_ENABLE_OBJC_ARC = YES;
				CLANG_ENABLE_OBJC_WEAK = YES;
				CLANG_WARN_BLOCK_CAPTURE_AUTORELEASING = YES;
				CLANG_WARN_BOOL_CONVERSION = YES;
				CLANG_WARN_COMMA = YES;
				CLANG_WARN_CONSTANT_CONVERSION = YES;
				CLANG_WARN_DEPRECATED_OBJC_IMPLEMENTATIONS = YES;
				CLANG_WARN_DIRECT_OBJC_ISA_USAGE = YES_ERROR;
				CLANG_WARN_DOCUMENTATION_COMMENTS = YES;
				CLANG_WARN_EMPTY_BODY = YES;
				CLANG_WARN_ENUM_CONVERSION = YES;
				CLANG_WARN_INFINITE_RECURSION = YES;
				CLANG_WARN_INT_CONVERSION = YES;
				CLANG_WARN_NON_LITERAL_NULL_CONVERSION = YES;
				CLANG_WARN_OBJC_IMPLICIT_RETAIN_SELF = YES;
				CLANG_WARN_OBJC_LITERAL_CONVERSION = YES;
				CLANG_WARN_OBJC_ROOT_CLASS = YES_ERROR;
				CLANG_WARN_QUOTED_INCLUDE_IN_FRAMEWORK_HEADER = YES;
				CLANG_WARN_RANGE_LOOP_ANALYSIS = YES;
				CLANG_WARN_STRICT_PROTOTYPES = YES;
				CLANG_WARN_SUSPICIOUS_MOVE = YES;
				CLANG_WARN_UNGUARDED_AVAILABILITY = YES_AGGRESSIVE;
				CLANG_WARN_UNREACHABLE_CODE = YES;
				CLANG_WARN__DUPLICATE_METHOD_MATCH = YES;
				COPY_PHASE_STRIP = NO;
				DEBUG_INFORMATION_FORMAT = "dwarf-with-dsym";
				ENABLE_NS_ASSERTIONS = NO;
				ENABLE_STRICT_OBJC_MSGSEND = YES;
				ENABLE_USER_SCRIPT_SANDBOXING = YES;
				GCC_C_LANGUAGE_STANDARD = gnu17;
				GCC_NO_COMMON_BLOCKS = YES;
				GCC_WARN_64_TO_32_BIT_CONVERSION = YES;
				GCC_WARN_ABOUT_RETURN_TYPE = YES_ERROR;
				GCC_WARN_UNDECLARED_SELECTOR = YES;
				GCC_WARN_UNINITIALIZED_AUTOS = YES_AGGRESSIVE;
				GCC_WARN_UNUSED_FUNCTION = YES;
				GCC_WARN_UNUSED_VARIABLE = YES;
				IPHONEOS_DEPLOYMENT_TARGET = 18.0;
				LOCALIZATION_PREFERS_STRING_CATALOGS = YES;
				MTL_ENABLE_DEBUG_INFO = NO;
				MTL_FAST_MATH = YES;
				SDKROOT = iphoneos;
				SWIFT_COMPILATION_MODE = wholemodule;
				VALIDATE_PRODUCT = YES;
			};
			name = Release;
		};
		F620B3892C615B4B00775474 /* Debug */ = {
			isa = XCBuildConfiguration;
			buildSettings = {
				ASSETCATALOG_COMPILER_APPICON_NAME = AppIcon;
				ASSETCATALOG_COMPILER_GLOBAL_ACCENT_COLOR_NAME = AccentColor;
				CODE_SIGN_STYLE = Automatic;
				CURRENT_PROJECT_VERSION = 1;
				GENERATE_INFOPLIST_FILE = YES;
				INFOPLIST_FILE = CachThePeterGame/Info.plist;
				INFOPLIST_KEY_UIApplicationSupportsIndirectInputEvents = YES;
				INFOPLIST_KEY_UILaunchStoryboardName = LaunchScreen;
				INFOPLIST_KEY_UIMainStoryboardFile = Main;
				INFOPLIST_KEY_UISupportedInterfaceOrientations_iPad = "UIInterfaceOrientationPortrait UIInterfaceOrientationPortraitUpsideDown UIInterfaceOrientationLandscapeLeft UIInterfaceOrientationLandscapeRight";
				INFOPLIST_KEY_UISupportedInterfaceOrientations_iPhone = "UIInterfaceOrientationPortrait UIInterfaceOrientationLandscapeLeft UIInterfaceOrientationLandscapeRight";
				LD_RUNPATH_SEARCH_PATHS = (
					"$(inherited)",
					"@executable_path/Frameworks",
				);
				MARKETING_VERSION = 1.0;
				PRODUCT_BUNDLE_IDENTIFIER = com.habildemirci.CachThePeterGame;
				PRODUCT_NAME = "$(TARGET_NAME)";
				SWIFT_EMIT_LOC_STRINGS = YES;
				SWIFT_VERSION = 5.0;
				TARGETED_DEVICE_FAMILY = "1,2";
			};
			name = Debug;
		};
		F620B38A2C615B4B00775474 /* Release */ = {
			isa = XCBuildConfiguration;
			buildSettings = {
				ASSETCATALOG_COMPILER_APPICON_NAME = AppIcon;
				ASSETCATALOG_COMPILER_GLOBAL_ACCENT_COLOR_NAME = AccentColor;
				CODE_SIGN_STYLE = Automatic;
				CURRENT_PROJECT_VERSION = 1;
				GENERATE_INFOPLIST_FILE = YES;
				INFOPLIST_FILE = CachThePeterGame/Info.plist;
				INFOPLIST_KEY_UIApplicationSupportsIndirectInputEvents = YES;
				INFOPLIST_KEY_UILaunchStoryboardName = LaunchScreen;
				INFOPLIST_KEY_UIMainStoryboardFile = Main;
				INFOPLIST_KEY_UISupportedInterfaceOrientations_iPad = "UIInterfaceOrientationPortrait UIInterfaceOrientationPortraitUpsideDown UIInterfaceOrientationLandscapeLeft UIInterfaceOrientationLandscapeRight";
				INFOPLIST_KEY_UISupportedInterfaceOrientations_iPhone = "UIInterfaceOrientationPortrait UIInterfaceOrientationLandscapeLeft UIInterfaceOrientationLandscapeRight";
				LD_RUNPATH_SEARCH_PATHS = (
					"$(inherited)",
					"@executable_path/Frameworks",
				);
				MARKETING_VERSION = 1.0;
				PRODUCT_BUNDLE_IDENTIFIER = com.habildemirci.CachThePeterGame;
				PRODUCT_NAME = "$(TARGET_NAME)";
				SWIFT_EMIT_LOC_STRINGS = YES;
				SWIFT_VERSION = 5.0;
				TARGETED_DEVICE_FAMILY = "1,2";
			};
			name = Release;
		};
		F620B38C2C615B4B00775474 /* Debug */ = {
			isa = XCBuildConfiguration;
			buildSettings = {
				BUNDLE_LOADER = "$(TEST_HOST)";
				CODE_SIGN_STYLE = Automatic;
				CURRENT_PROJECT_VERSION = 1;
				GENERATE_INFOPLIST_FILE = YES;
				IPHONEOS_DEPLOYMENT_TARGET = 18.0;
				MARKETING_VERSION = 1.0;
				PRODUCT_BUNDLE_IDENTIFIER = com.habildemirci.CachThePeterGameTests;
				PRODUCT_NAME = "$(TARGET_NAME)";
				SWIFT_EMIT_LOC_STRINGS = NO;
				SWIFT_VERSION = 5.0;
				TARGETED_DEVICE_FAMILY = "1,2";
				TEST_HOST = "$(BUILT_PRODUCTS_DIR)/CachThePeterGame.app/$(BUNDLE_EXECUTABLE_FOLDER_PATH)/CachThePeterGame";
			};
			name = Debug;
		};
		F620B38D2C615B4B00775474 /* Release */ = {
			isa = XCBuildConfiguration;
			buildSettings = {
				BUNDLE_LOADER = "$(TEST_HOST)";
				CODE_SIGN_STYLE = Automatic;
				CURRENT_PROJECT_VERSION = 1;
				GENERATE_INFOPLIST_FILE = YES;
				IPHONEOS_DEPLOYMENT_TARGET = 18.0;
				MARKETING_VERSION = 1.0;
				PRODUCT_BUNDLE_IDENTIFIER = com.habildemirci.CachThePeterGameTests;
				PRODUCT_NAME = "$(TARGET_NAME)";
				SWIFT_EMIT_LOC_STRINGS = NO;
				SWIFT_VERSION = 5.0;
				TARGETED_DEVICE_FAMILY = "1,2";
				TEST_HOST = "$(BUILT_PRODUCTS_DIR)/CachThePeterGame.app/$(BUNDLE_EXECUTABLE_FOLDER_PATH)/CachThePeterGame";
			};
			name = Release;
		};
		F620B38F2C615B4B00775474 /* Debug */ = {
			isa = XCBuildConfiguration;
			buildSettings = {
				CODE_SIGN_STYLE = Automatic;
				CURRENT_PROJECT_VERSION = 1;
				GENERATE_INFOPLIST_FILE = YES;
				MARKETING_VERSION = 1.0;
				PRODUCT_BUNDLE_IDENTIFIER = com.habildemirci.CachThePeterGameUITests;
				PRODUCT_NAME = "$(TARGET_NAME)";
				SWIFT_EMIT_LOC_STRINGS = NO;
				SWIFT_VERSION = 5.0;
				TARGETED_DEVICE_FAMILY = "1,2";
				TEST_TARGET_NAME = CachThePeterGame;
			};
			name = Debug;
		};
		F620B3902C615B4B00775474 /* Release */ = {
			isa = XCBuildConfiguration;
			buildSettings = {
				CODE_SIGN_STYLE = Automatic;
				CURRENT_PROJECT_VERSION = 1;
				GENERATE_INFOPLIST_FILE = YES;
				MARKETING_VERSION = 1.0;
				PRODUCT_BUNDLE_IDENTIFIER = com.habildemirci.CachThePeterGameUITests;
				PRODUCT_NAME = "$(TARGET_NAME)";
				SWIFT_EMIT_LOC_STRINGS = NO;
				SWIFT_VERSION = 5.0;
				TARGETED_DEVICE_FAMILY = "1,2";
				TEST_TARGET_NAME = CachThePeterGame;
			};
			name = Release;
		};
/* End XCBuildConfiguration section */

/* Begin XCConfigurationList section */
		F620B3592C615B4900775474 /* Build configuration list for PBXProject "CachThePeterGame" */ = {
			isa = XCConfigurationList;
			buildConfigurations = (
				F620B3862C615B4B00775474 /* Debug */,
				F620B3872C615B4B00775474 /* Release */,
			);
			defaultConfigurationIsVisible = 0;
			defaultConfigurationName = Release;
		};
		F620B3882C615B4B00775474 /* Build configuration list for PBXNativeTarget "CachThePeterGame" */ = {
			isa = XCConfigurationList;
			buildConfigurations = (
				F620B3892C615B4B00775474 /* Debug */,
				F620B38A2C615B4B00775474 /* Release */,
			);
			defaultConfigurationIsVisible = 0;
			defaultConfigurationName = Release;
		};
		F620B38B2C615B4B00775474 /* Build configuration list for PBXNativeTarget "CachThePeterGameTests" */ = {
			isa = XCConfigurationList;
			buildConfigurations = (
				F620B38C2C615B4B00775474 /* Debug */,
				F620B38D2C615B4B00775474 /* Release */,
			);
			defaultConfigurationIsVisible = 0;
			defaultConfigurationName = Release;
		};
		F620B38E2C615B4B00775474 /* Build configuration list for PBXNativeTarget "CachThePeterGameUITests" */ = {
			isa = XCConfigurationList;
			buildConfigurations = (
				F620B38F2C615B4B00775474 /* Debug */,
				F620B3902C615B4B00775474 /* Release */,
			);
			defaultConfigurationIsVisible = 0;
			defaultConfigurationName = Release;
		};
/* End XCConfigurationList section */
	};
	rootObject = F620B3562C615B4900775474 /* Project object */;
}
